
Microsoft Visual Studio Solution File, Format Version 12.00
# Visual Studio Version 16
VisualStudioVersion = 16.0.29709.97
MinimumVisualStudioVersion = 10.0.40219.1
Project("{8BC9CEB8-8B4A-11D0-8D11-00A0C91BC942}") = "反弹球（数组）", "反弹球（数组）.vcxproj", "{48546CA9-1252-457C-A240-732C8A07647A}"
EndProject
Global
	GlobalSection(SolutionConfigurationPlatforms) = preSolution
		Debug|x64 = Debug|x64
		Debug|x86 = Debug|x86
		Release|x64 = Release|x64
		Release|x86 = Release|x86
	EndGlobalSection
	GlobalSection(ProjectConfigurationPlatforms) = postSolution
		{48546CA9-1252-457C-A240-732C8A07647A}.Debug|x64.ActiveCfg = Debug|x64
		{48546CA9-1252-457C-A240-732C8A07647A}.Debug|x64.Build.0 = Debug|x64
		{48546CA9-1252-457C-A240-732C8A07647A}.Debug|x86.ActiveCfg = Debug|Win32
		{48546CA9-1252-457C-A240-732C8A07647A}.Debug|x86.Build.0 = Debug|Win32
		{48546CA9-1252-457C-A240-732C8A07647A}.Release|x64.ActiveCfg = Release|x64
		{48546CA9-1252-457C-A240-732C8A07647A}.Release|x64.Build.0 = Release|x64
		{48546CA9-1252-457C-A240-732C8A07647A}.Release|x86.ActiveCfg = Release|Win32
		{48546CA9-1252-457C-A240-732C8A07647A}.Release|x86.Build.0 = Release|Win32
	EndGlobalSection
	GlobalSection(SolutionProperties) = preSolution
		HideSolutionNode = FALSE
	EndGlobalSection
	GlobalSection(ExtensibilityGlobals) = postSolution
		SolutionGuid = {800407E8-8965-417E-9CB3-310A40C76AC9}
	EndGlobalSection
EndGlobal
